
Microsoft Visual Studio Solution File, Format Version 12.00
# Visual Studio Version 17
VisualStudioVersion = 17.1.32407.343
MinimumVisualStudioVersion = 10.0.40219.1
Project("{9A19103F-16F7-4668-BE54-9A1E7A4F7556}") = "Wpf.Ui.Core", "src\Wpf.Ui\Wpf.Ui.Core.csproj", "{1ADC87D1-8963-4100-845A-18477824718E}"
EndProject
Project("{9A19103F-16F7-4668-BE54-9A1E7A4F7556}") = "Wpf.Ui.Main", "src\Wpf.Ui.Main\Wpf.Ui.Main.csproj", "{A7B256C9-A4B4-4A61-B825-8866079E83A7}"
EndProject
Project("{54435603-DBB4-11D2-8724-00A0C9A8B90C}") = "Wpf.UI.Setup", "Wpf.UI.Setup3123\Wpf.UI.Setup3123.vdproj", "{48DFB805-6003-48D7-B930-2C29A2903E2C}"
EndProject
Global
	GlobalSection(SolutionConfigurationPlatforms) = preSolution
		Debug|Any CPU = Debug|Any CPU
		Debug|x64 = Debug|x64
		Release|Any CPU = Release|Any CPU
		Release|x64 = Release|x64
	EndGlobalSection
	GlobalSection(ProjectConfigurationPlatforms) = postSolution
		{1ADC87D1-8963-4100-845A-18477824718E}.Debug|Any CPU.ActiveCfg = Debug|Any CPU
		{1ADC87D1-8963-4100-845A-18477824718E}.Debug|Any CPU.Build.0 = Debug|Any CPU
		{1ADC87D1-8963-4100-845A-18477824718E}.Debug|x64.ActiveCfg = Debug|x64
		{1ADC87D1-8963-4100-845A-18477824718E}.Debug|x64.Build.0 = Debug|x64
		{1ADC87D1-8963-4100-845A-18477824718E}.Release|Any CPU.ActiveCfg = Release|Any CPU
		{1ADC87D1-8963-4100-845A-18477824718E}.Release|Any CPU.Build.0 = Release|Any CPU
		{1ADC87D1-8963-4100-845A-18477824718E}.Release|x64.ActiveCfg = Release|x64
		{1ADC87D1-8963-4100-845A-18477824718E}.Release|x64.Build.0 = Release|x64
		{A7B256C9-A4B4-4A61-B825-8866079E83A7}.Debug|Any CPU.ActiveCfg = Debug|Any CPU
		{A7B256C9-A4B4-4A61-B825-8866079E83A7}.Debug|Any CPU.Build.0 = Debug|Any CPU
		{A7B256C9-A4B4-4A61-B825-8866079E83A7}.Debug|x64.ActiveCfg = Debug|x64
		{A7B256C9-A4B4-4A61-B825-8866079E83A7}.Debug|x64.Build.0 = Debug|x64
		{A7B256C9-A4B4-4A61-B825-8866079E83A7}.Release|Any CPU.ActiveCfg = Release|Any CPU
		{A7B256C9-A4B4-4A61-B825-8866079E83A7}.Release|Any CPU.Build.0 = Release|Any CPU
		{A7B256C9-A4B4-4A61-B825-8866079E83A7}.Release|x64.ActiveCfg = Release|x64
		{A7B256C9-A4B4-4A61-B825-8866079E83A7}.Release|x64.Build.0 = Release|x64
		{48DFB805-6003-48D7-B930-2C29A2903E2C}.Debug|Any CPU.ActiveCfg = Debug
		{48DFB805-6003-48D7-B930-2C29A2903E2C}.Debug|x64.ActiveCfg = Debug
		{48DFB805-6003-48D7-B930-2C29A2903E2C}.Release|Any CPU.ActiveCfg = Release
		{48DFB805-6003-48D7-B930-2C29A2903E2C}.Release|x64.ActiveCfg = Release
	EndGlobalSection
	GlobalSection(SolutionProperties) = preSolution
		HideSolutionNode = FALSE
	EndGlobalSection
	GlobalSection(ExtensibilityGlobals) = postSolution
		SolutionGuid = {234CB3F9-5ADC-433F-BDBD-CB8EA59EB518}
	EndGlobalSection
EndGlobal
